
Microsoft Visual Studio Solution File, Format Version 12.00
# Visual Studio 15
VisualStudioVersion = 15.0.28307.168
MinimumVisualStudioVersion = 10.0.40219.1
Project("{FAE04EC0-301F-11D3-BF4B-00C04F79EFBC}") = "EuropeAesth.Android", "EuropeAesth\EuropeAesth.Android\EuropeAesth.Android.csproj", "{6133A7D3-417F-456C-AA09-B0AC68E5850A}"
EndProject
Project("{FAE04EC0-301F-11D3-BF4B-00C04F79EFBC}") = "EuropeAesth.iOS", "EuropeAesth\EuropeAesth.iOS\EuropeAesth.iOS.csproj", "{622701F6-C776-4759-8DE9-94C91E9F90FD}"
EndProject
Project("{9A19103F-16F7-4668-BE54-9A1E7A4F7556}") = "EuropeAesth", "EuropeAesth\EuropeAesth\EuropeAesth.csproj", "{4B2F9A7D-DB73-46F1-BD68-9304792AE0D4}"
EndProject
Global
	GlobalSection(SolutionConfigurationPlatforms) = preSolution
		Ad-Hoc|Any CPU = Ad-Hoc|Any CPU
		Ad-Hoc|iPhone = Ad-Hoc|iPhone
		Ad-Hoc|iPhoneSimulator = Ad-Hoc|iPhoneSimulator
		AppStore|Any CPU = AppStore|Any CPU
		AppStore|iPhone = AppStore|iPhone
		AppStore|iPhoneSimulator = AppStore|iPhoneSimulator
		Debug|Any CPU = Debug|Any CPU
		Debug|iPhone = Debug|iPhone
		Debug|iPhoneSimulator = Debug|iPhoneSimulator
		Release|Any CPU = Release|Any CPU
		Release|iPhone = Release|iPhone
		Release|iPhoneSimulator = Release|iPhoneSimulator
	EndGlobalSection
	GlobalSection(ProjectConfigurationPlatforms) = postSolution
		{6133A7D3-417F-456C-AA09-B0AC68E5850A}.Ad-Hoc|Any CPU.ActiveCfg = Release|Any CPU
		{6133A7D3-417F-456C-AA09-B0AC68E5850A}.Ad-Hoc|Any CPU.Build.0 = Release|Any CPU
		{6133A7D3-417F-456C-AA09-B0AC68E5850A}.Ad-Hoc|Any CPU.Deploy.0 = Release|Any CPU
		{6133A7D3-417F-456C-AA09-B0AC68E5850A}.Ad-Hoc|iPhone.ActiveCfg = Release|Any CPU
		{6133A7D3-417F-456C-AA09-B0AC68E5850A}.Ad-Hoc|iPhone.Build.0 = Release|Any CPU
		{6133A7D3-417F-456C-AA09-B0AC68E5850A}.Ad-Hoc|iPhone.Deploy.0 = Release|Any CPU
		{6133A7D3-417F-456C-AA09-B0AC68E5850A}.Ad-Hoc|iPhoneSimulator.ActiveCfg = Release|Any CPU
		{6133A7D3-417F-456C-AA09-B0AC68E5850A}.Ad-Hoc|iPhoneSimulator.Build.0 = Release|Any CPU
		{6133A7D3-417F-456C-AA09-B0AC68E5850A}.Ad-Hoc|iPhoneSimulator.Deploy.0 = Release|Any CPU
		{6133A7D3-417F-456C-AA09-B0AC68E5850A}.AppStore|Any CPU.ActiveCfg = Release|Any CPU
		{6133A7D3-417F-456C-AA09-B0AC68E5850A}.AppStore|Any CPU.Build.0 = Release|Any CPU
		{6133A7D3-417F-456C-AA09-B0AC68E5850A}.AppStore|Any CPU.Deploy.0 = Release|Any CPU
		{6133A7D3-417F-456C-AA09-B0AC68E5850A}.AppStore|iPhone.ActiveCfg = Release|Any CPU
		{6133A7D3-417F-456C-AA09-B0AC68E5850A}.AppStore|iPhone.Build.0 = Release|Any CPU
		{6133A7D3-417F-456C-AA09-B0AC68E5850A}.AppStore|iPhone.Deploy.0 = Release|Any CPU
		{6133A7D3-417F-456C-AA09-B0AC68E5850A}.AppStore|iPhoneSimulator.ActiveCfg = Release|Any CPU
		{6133A7D3-417F-456C-AA09-B0AC68E5850A}.AppStore|iPhoneSimulator.Build.0 = Release|Any CPU
		{6133A7D3-417F-456C-AA09-B0AC68E5850A}.AppStore|iPhoneSimulator.Deploy.0 = Release|Any CPU
		{6133A7D3-417F-456C-AA09-B0AC68E5850A}.Debug|Any CPU.ActiveCfg = Debug|Any CPU
		{6133A7D3-417F-456C-AA09-B0AC68E5850A}.Debug|Any CPU.Build.0 = Debug|Any CPU
		{6133A7D3-417F-456C-AA09-B0AC68E5850A}.Debug|Any CPU.Deploy.0 = Debug|Any CPU
		{6133A7D3-417F-456C-AA09-B0AC68E5850A}.Debug|iPhone.ActiveCfg = Debug|Any CPU
		{6133A7D3-417F-456C-AA09-B0AC68E5850A}.Debug|iPhone.Build.0 = Debug|Any CPU
		{6133A7D3-417F-456C-AA09-B0AC68E5850A}.Debug|iPhone.Deploy.0 = Debug|Any CPU
		{6133A7D3-417F-456C-AA09-B0AC68E5850A}.Debug|iPhoneSimulator.ActiveCfg = Debug|Any CPU
		{6133A7D3-417F-456C-AA09-B0AC68E5850A}.Debug|iPhoneSimulator.Build.0 = Debug|Any CPU
		{6133A7D3-417F-456C-AA09-B0AC68E5850A}.Debug|iPhoneSimulator.Deploy.0 = Debug|Any CPU
		{6133A7D3-417F-456C-AA09-B0AC68E5850A}.Release|Any CPU.ActiveCfg = Release|Any CPU
		{6133A7D3-417F-456C-AA09-B0AC68E5850A}.Release|Any CPU.Build.0 = Release|Any CPU
		{6133A7D3-417F-456C-AA09-B0AC68E5850A}.Release|Any CPU.Deploy.0 = Release|Any CPU
		{6133A7D3-417F-456C-AA09-B0AC68E5850A}.Release|iPhone.ActiveCfg = Release|Any CPU
		{6133A7D3-417F-456C-AA09-B0AC68E5850A}.Release|iPhone.Build.0 = Release|Any CPU
		{6133A7D3-417F-456C-AA09-B0AC68E5850A}.Release|iPhone.Deploy.0 = Release|Any CPU
		{6133A7D3-417F-456C-AA09-B0AC68E5850A}.Release|iPhoneSimulator.ActiveCfg = Release|Any CPU
		{6133A7D3-417F-456C-AA09-B0AC68E5850A}.Release|iPhoneSimulator.Build.0 = Release|Any CPU
		{6133A7D3-417F-456C-AA09-B0AC68E5850A}.Release|iPhoneSimulator.Deploy.0 = Release|Any CPU
		{622701F6-C776-4759-8DE9-94C91E9F90FD}.Ad-Hoc|Any CPU.ActiveCfg = Ad-Hoc|iPhone
		{622701F6-C776-4759-8DE9-94C91E9F90FD}.Ad-Hoc|Any CPU.Build.0 = Ad-Hoc|iPhone
		{622701F6-C776-4759-8DE9-94C91E9F90FD}.Ad-Hoc|Any CPU.Deploy.0 = Ad-Hoc|iPhone
		{622701F6-C776-4759-8DE9-94C91E9F90FD}.Ad-Hoc|iPhone.ActiveCfg = Ad-Hoc|iPhone
		{622701F6-C776-4759-8DE9-94C91E9F90FD}.Ad-Hoc|iPhone.Build.0 = Ad-Hoc|iPhone
		{622701F6-C776-4759-8DE9-94C91E9F90FD}.Ad-Hoc|iPhone.Deploy.0 = Ad-Hoc|iPhone
		{622701F6-C776-4759-8DE9-94C91E9F90FD}.Ad-Hoc|iPhoneSimulator.ActiveCfg = Ad-Hoc|iPhoneSimulator
		{622701F6-C776-4759-8DE9-94C91E9F90FD}.Ad-Hoc|iPhoneSimulator.Build.0 = Ad-Hoc|iPhoneSimulator
		{622701F6-C776-4759-8DE9-94C91E9F90FD}.Ad-Hoc|iPhoneSimulator.Deploy.0 = Ad-Hoc|iPhoneSimulator
		{622701F6-C776-4759-8DE9-94C91E9F90FD}.AppStore|Any CPU.ActiveCfg = AppStore|iPhone
		{622701F6-C776-4759-8DE9-94C91E9F90FD}.AppStore|Any CPU.Build.0 = AppStore|iPhone
		{622701F6-C776-4759-8DE9-94C91E9F90FD}.AppStore|Any CPU.Deploy.0 = AppStore|iPhone
		{622701F6-C776-4759-8DE9-94C91E9F90FD}.AppStore|iPhone.ActiveCfg = AppStore|iPhone
		{622701F6-C776-4759-8DE9-94C91E9F90FD}.AppStore|iPhone.Build.0 = AppStore|iPhone
		{622701F6-C776-4759-8DE9-94C91E9F90FD}.AppStore|iPhone.Deploy.0 = AppStore|iPhone
		{622701F6-C776-4759-8DE9-94C91E9F90FD}.AppStore|iPhoneSimulator.ActiveCfg = AppStore|iPhoneSimulator
		{622701F6-C776-4759-8DE9-94C91E9F90FD}.AppStore|iPhoneSimulator.Build.0 = AppStore|iPhoneSimulator
		{622701F6-C776-4759-8DE9-94C91E9F90FD}.AppStore|iPhoneSimulator.Deploy.0 = AppStore|iPhoneSimulator
		{622701F6-C776-4759-8DE9-94C91E9F90FD}.Debug|Any CPU.ActiveCfg = Debug|iPhoneSimulator
		{622701F6-C776-4759-8DE9-94C91E9F90FD}.Debug|Any CPU.Build.0 = Debug|iPhoneSimulator
		{622701F6-C776-4759-8DE9-94C91E9F90FD}.Debug|Any CPU.Deploy.0 = Debug|iPhoneSimulator
		{622701F6-C776-4759-8DE9-94C91E9F90FD}.Debug|iPhone.ActiveCfg = Debug|iPhone
		{622701F6-C776-4759-8DE9-94C91E9F90FD}.Debug|iPhone.Build.0 = Debug|iPhone
		{622701F6-C776-4759-8DE9-94C91E9F90FD}.Debug|iPhone.Deploy.0 = Debug|iPhone
		{622701F6-C776-4759-8DE9-94C91E9F90FD}.Debug|iPhoneSimulator.ActiveCfg = Debug|iPhoneSimulator
		{622701F6-C776-4759-8DE9-94C91E9F90FD}.Debug|iPhoneSimulator.Build.0 = Debug|iPhoneSimulator
		{622701F6-C776-4759-8DE9-94C91E9F90FD}.Debug|iPhoneSimulator.Deploy.0 = Debug|iPhoneSimulator
		{622701F6-C776-4759-8DE9-94C91E9F90FD}.Release|Any CPU.ActiveCfg = Release|iPhone
		{622701F6-C776-4759-8DE9-94C91E9F90FD}.Release|Any CPU.Build.0 = Release|iPhone
		{622701F6-C776-4759-8DE9-94C91E9F90FD}.Release|Any CPU.Deploy.0 = Release|iPhone
		{622701F6-C776-4759-8DE9-94C91E9F90FD}.Release|iPhone.ActiveCfg = Release|iPhone
		{622701F6-C776-4759-8DE9-94C91E9F90FD}.Release|iPhone.Build.0 = Release|iPhone
		{622701F6-C776-4759-8DE9-94C91E9F90FD}.Release|iPhone.Deploy.0 = Release|iPhone
		{622701F6-C776-4759-8DE9-94C91E9F90FD}.Release|iPhoneSimulator.ActiveCfg = Release|iPhoneSimulator
		{622701F6-C776-4759-8DE9-94C91E9F90FD}.Release|iPhoneSimulator.Build.0 = Release|iPhoneSimulator
		{622701F6-C776-4759-8DE9-94C91E9F90FD}.Release|iPhoneSimulator.Deploy.0 = Release|iPhoneSimulator
		{4B2F9A7D-DB73-46F1-BD68-9304792AE0D4}.Ad-Hoc|Any CPU.ActiveCfg = Debug|Any CPU
		{4B2F9A7D-DB73-46F1-BD68-9304792AE0D4}.Ad-Hoc|Any CPU.Build.0 = Debug|Any CPU
		{4B2F9A7D-DB73-46F1-BD68-9304792AE0D4}.Ad-Hoc|Any CPU.Deploy.0 = Debug|Any CPU
		{4B2F9A7D-DB73-46F1-BD68-9304792AE0D4}.Ad-Hoc|iPhone.ActiveCfg = Debug|Any CPU
		{4B2F9A7D-DB73-46F1-BD68-9304792AE0D4}.Ad-Hoc|iPhone.Build.0 = Debug|Any CPU
		{4B2F9A7D-DB73-46F1-BD68-9304792AE0D4}.Ad-Hoc|iPhone.Deploy.0 = Debug|Any CPU
		{4B2F9A7D-DB73-46F1-BD68-9304792AE0D4}.Ad-Hoc|iPhoneSimulator.ActiveCfg = Debug|Any CPU
		{4B2F9A7D-DB73-46F1-BD68-9304792AE0D4}.Ad-Hoc|iPhoneSimulator.Build.0 = Debug|Any CPU
		{4B2F9A7D-DB73-46F1-BD68-9304792AE0D4}.Ad-Hoc|iPhoneSimulator.Deploy.0 = Debug|Any CPU
		{4B2F9A7D-DB73-46F1-BD68-9304792AE0D4}.AppStore|Any CPU.ActiveCfg = Debug|Any CPU
		{4B2F9A7D-DB73-46F1-BD68-9304792AE0D4}.AppStore|Any CPU.Build.0 = Debug|Any CPU
		{4B2F9A7D-DB73-46F1-BD68-9304792AE0D4}.AppStore|Any CPU.Deploy.0 = Debug|Any CPU
		{4B2F9A7D-DB73-46F1-BD68-9304792AE0D4}.AppStore|iPhone.ActiveCfg = Debug|Any CPU
		{4B2F9A7D-DB73-46F1-BD68-9304792AE0D4}.AppStore|iPhone.Build.0 = Debug|Any CPU
		{4B2F9A7D-DB73-46F1-BD68-9304792AE0D4}.AppStore|iPhone.Deploy.0 = Debug|Any CPU
		{4B2F9A7D-DB73-46F1-BD68-9304792AE0D4}.AppStore|iPhoneSimulator.ActiveCfg = Debug|Any CPU
		{4B2F9A7D-DB73-46F1-BD68-9304792AE0D4}.AppStore|iPhoneSimulator.Build.0 = Debug|Any CPU
		{4B2F9A7D-DB73-46F1-BD68-9304792AE0D4}.AppStore|iPhoneSimulator.Deploy.0 = Debug|Any CPU
		{4B2F9A7D-DB73-46F1-BD68-9304792AE0D4}.Debug|Any CPU.ActiveCfg = Debug|Any CPU
		{4B2F9A7D-DB73-46F1-BD68-9304792AE0D4}.Debug|Any CPU.Build.0 = Debug|Any CPU
		{4B2F9A7D-DB73-46F1-BD68-9304792AE0D4}.Debug|Any CPU.Deploy.0 = Debug|Any CPU
		{4B2F9A7D-DB73-46F1-BD68-9304792AE0D4}.Debug|iPhone.ActiveCfg = Debug|Any CPU
		{4B2F9A7D-DB73-46F1-BD68-9304792AE0D4}.Debug|iPhone.Build.0 = Debug|Any CPU
		{4B2F9A7D-DB73-46F1-BD68-9304792AE0D4}.Debug|iPhone.Deploy.0 = Debug|Any CPU
		{4B2F9A7D-DB73-46F1-BD68-9304792AE0D4}.Debug|iPhoneSimulator.ActiveCfg = Debug|Any CPU
		{4B2F9A7D-DB73-46F1-BD68-9304792AE0D4}.Debug|iPhoneSimulator.Build.0 = Debug|Any CPU
		{4B2F9A7D-DB73-46F1-BD68-9304792AE0D4}.Debug|iPhoneSimulator.Deploy.0 = Debug|Any CPU
		{4B2F9A7D-DB73-46F1-BD68-9304792AE0D4}.Release|Any CPU.ActiveCfg = Release|Any CPU
		{4B2F9A7D-DB73-46F1-BD68-9304792AE0D4}.Release|Any CPU.Build.0 = Release|Any CPU
		{4B2F9A7D-DB73-46F1-BD68-9304792AE0D4}.Release|Any CPU.Deploy.0 = Release|Any CPU
		{4B2F9A7D-DB73-46F1-BD68-9304792AE0D4}.Release|iPhone.ActiveCfg = Release|Any CPU
		{4B2F9A7D-DB73-46F1-BD68-9304792AE0D4}.Release|iPhone.Build.0 = Release|Any CPU
		{4B2F9A7D-DB73-46F1-BD68-9304792AE0D4}.Release|iPhone.Deploy.0 = Release|Any CPU
		{4B2F9A7D-DB73-46F1-BD68-9304792AE0D4}.Release|iPhoneSimulator.ActiveCfg = Release|Any CPU
		{4B2F9A7D-DB73-46F1-BD68-9304792AE0D4}.Release|iPhoneSimulator.Build.0 = Release|Any CPU
		{4B2F9A7D-DB73-46F1-BD68-9304792AE0D4}.Release|iPhoneSimulator.Deploy.0 = Release|Any CPU
	EndGlobalSection
	GlobalSection(SolutionProperties) = preSolution
		HideSolutionNode = FALSE
	EndGlobalSection
	GlobalSection(ExtensibilityGlobals) = postSolution
		SolutionGuid = {B30B0772-CEAB-4918-8AD4-72B3A682F8D7}
	EndGlobalSection
EndGlobal
